// !$*UTF8*$!
{
	archiveVersion = 1;
	classes = {
	};
	objectVersion = 51;
	objects = {

/* Begin PBXBuildFile section */
		0EBCF967275DA85C715C068E /* Pods_Todoey.framework in Frameworks */ = {isa = PBXBuildFile; fileRef = 3FEB7FC0EB93D9BF95A10AE0 /* Pods_Todoey.framework */; };
		8E319C8622D9003B002559C0 /* AppDelegate.swift in Sources */ = {isa = PBXBuildFile; fileRef = 8E319C8522D9003B002559C0 /* AppDelegate.swift */; };
		8E319C8822D9003B002559C0 /* TodoListViewController.swift in Sources */ = {isa = PBXBuildFile; fileRef = 8E319C8722D9003B002559C0 /* TodoListViewController.swift */; };
		8E319C8B22D9003B002559C0 /* Main.storyboard in Resources */ = {isa = PBXBuildFile; fileRef = 8E319C8922D9003B002559C0 /* Main.storyboard */; };
		8E319C8D22D9003C002559C0 /* Assets.xcassets in Resources */ = {isa = PBXBuildFile; fileRef = 8E319C8C22D9003C002559C0 /* Assets.xcassets */; };
		8E319C9022D9003C002559C0 /* LaunchScreen.storyboard in Resources */ = {isa = PBXBuildFile; fileRef = 8E319C8E22D9003C002559C0 /* LaunchScreen.storyboard */; };
		8EC724B622F4DCCE008D8538 /* CategoryTableViewController.swift in Sources */ = {isa = PBXBuildFile; fileRef = 8EC724B522F4DCCE008D8538 /* CategoryTableViewController.swift */; };
		8ECE78A822FC4A3100481516 /* Item.swift in Sources */ = {isa = PBXBuildFile; fileRef = 8ECE78A722FC4A3100481516 /* Item.swift */; };
		8ECE78AA22FC4A3E00481516 /* Category.swift in Sources */ = {isa = PBXBuildFile; fileRef = 8ECE78A922FC4A3E00481516 /* Category.swift */; };
/* End PBXBuildFile section */

/* Begin PBXFileReference section */
		3FEB7FC0EB93D9BF95A10AE0 /* Pods_Todoey.framework */ = {isa = PBXFileReference; explicitFileType = wrapper.framework; includeInIndex = 0; path = Pods_Todoey.framework; sourceTree = BUILT_PRODUCTS_DIR; };
		6C5D4740BB92C39595B38A71 /* Pods-Todoey.release.xcconfig */ = {isa = PBXFileReference; includeInIndex = 1; lastKnownFileType = text.xcconfig; name = "Pods-Todoey.release.xcconfig"; path = "Target Support Files/Pods-Todoey/Pods-Todoey.release.xcconfig"; sourceTree = "<group>"; };
		8E319C8222D9003B002559C0 /* Todoey.app */ = {isa = PBXFileReference; explicitFileType = wrapper.application; includeInIndex = 0; path = Todoey.app; sourceTree = BUILT_PRODUCTS_DIR; };
		8E319C8522D9003B002559C0 /* AppDelegate.swift */ = {isa = PBXFileReference; lastKnownFileType = sourcecode.swift; path = AppDelegate.swift; sourceTree = "<group>"; };
		8E319C8722D9003B002559C0 /* TodoListViewController.swift */ = {isa = PBXFileReference; lastKnownFileType = sourcecode.swift; path = TodoListViewController.swift; sourceTree = "<group>"; };
		8E319C8A22D9003B002559C0 /* Base */ = {isa = PBXFileReference; lastKnownFileType = file.storyboard; name = Base; path = Base.lproj/Main.storyboard; sourceTree = "<group>"; };
		8E319C8C22D9003C002559C0 /* Assets.xcassets */ = {isa = PBXFileReference; lastKnownFileType = folder.assetcatalog; path = Assets.xcassets; sourceTree = "<group>"; };
		8E319C8F22D9003C002559C0 /* Base */ = {isa = PBXFileReference; lastKnownFileType = file.storyboard; name = Base; path = Base.lproj/LaunchScreen.storyboard; sourceTree = "<group>"; };
		8E319C9122D9003C002559C0 /* Info.plist */ = {isa = PBXFileReference; lastKnownFileType = text.plist.xml; path = Info.plist; sourceTree = "<group>"; };
		8EC724B522F4DCCE008D8538 /* CategoryTableViewController.swift */ = {isa = PBXFileReference; lastKnownFileType = sourcecode.swift; path = CategoryTableViewController.swift; sourceTree = "<group>"; };
		8ECE78A722FC4A3100481516 /* Item.swift */ = {isa = PBXFileReference; lastKnownFileType = sourcecode.swift; path = Item.swift; sourceTree = "<group>"; };
		8ECE78A922FC4A3E00481516 /* Category.swift */ = {isa = PBXFileReference; lastKnownFileType = sourcecode.swift; path = Category.swift; sourceTree = "<group>"; };
		F8F1910D86246C4D77C5ED01 /* Pods-Todoey.debug.xcconfig */ = {isa = PBXFileReference; includeInIndex = 1; lastKnownFileType = text.xcconfig; name = "Pods-Todoey.debug.xcconfig"; path = "Target Support Files/Pods-Todoey/Pods-Todoey.debug.xcconfig"; sourceTree = "<group>"; };
/* End PBXFileReference section */

/* Begin PBXFrameworksBuildPhase section */
		8E319C7F22D9003B002559C0 /* Frameworks */ = {
			isa = PBXFrameworksBuildPhase;
			buildActionMask = 2147483647;
			files = (
				0EBCF967275DA85C715C068E /* Pods_Todoey.framework in Frameworks */,
			);
			runOnlyForDeploymentPostprocessing = 0;
		};
/* End PBXFrameworksBuildPhase section */

/* Begin PBXGroup section */
		26FDD21E1F4E9B9E6D359EEC /* Frameworks */ = {
			isa = PBXGroup;
			children = (
				3FEB7FC0EB93D9BF95A10AE0 /* Pods_Todoey.framework */,
			);
			name = Frameworks;
			sourceTree = "<group>";
		};
		8E319C7922D9003B002559C0 = {
			isa = PBXGroup;
			children = (
				8E319C8422D9003B002559C0 /* Todoey */,
				8E319C8322D9003B002559C0 /* Products */,
				BDEE46F7518D4FA7B0309A4A /* Pods */,
				26FDD21E1F4E9B9E6D359EEC /* Frameworks */,
			);
			sourceTree = "<group>";
		};
		8E319C8322D9003B002559C0 /* Products */ = {
			isa = PBXGroup;
			children = (
				8E319C8222D9003B002559C0 /* Todoey.app */,
			);
			name = Products;
			sourceTree = "<group>";
		};
		8E319C8422D9003B002559C0 /* Todoey */ = {
			isa = PBXGroup;
			children = (
				8E319C8522D9003B002559C0 /* AppDelegate.swift */,
				8EE08A3622DB8A8E0072AEBB /* Models */,
				8EE08A3B22DB8AF10072AEBB /* Views */,
				8EE08A3922DB8ADF0072AEBB /* Controllers */,
				8EE08A3D22DB8B3C0072AEBB /* Supporting Files */,
				8E319C9122D9003C002559C0 /* Info.plist */,
			);
			path = Todoey;
			sourceTree = "<group>";
		};
		8EE08A3622DB8A8E0072AEBB /* Models */ = {
			isa = PBXGroup;
			children = (
				8ECE78A722FC4A3100481516 /* Item.swift */,
				8ECE78A922FC4A3E00481516 /* Category.swift */,
			);
			path = Models;
			sourceTree = "<group>";
		};
		8EE08A3922DB8ADF0072AEBB /* Controllers */ = {
			isa = PBXGroup;
			children = (
				8EC724B522F4DCCE008D8538 /* CategoryTableViewController.swift */,
				8E319C8722D9003B002559C0 /* TodoListViewController.swift */,
			);
			path = Controllers;
			sourceTree = "<group>";
		};
		8EE08A3B22DB8AF10072AEBB /* Views */ = {
			isa = PBXGroup;
			children = (
				8E319C8922D9003B002559C0 /* Main.storyboard */,
			);
			path = Views;
			sourceTree = "<group>";
		};
		8EE08A3D22DB8B3C0072AEBB /* Supporting Files */ = {
			isa = PBXGroup;
			children = (
				8E319C8C22D9003C002559C0 /* Assets.xcassets */,
				8E319C8E22D9003C002559C0 /* LaunchScreen.storyboard */,
			);
			path = "Supporting Files";
			sourceTree = "<group>";
		};
		BDEE46F7518D4FA7B0309A4A /* Pods */ = {
			isa = PBXGroup;
			children = (
				F8F1910D86246C4D77C5ED01 /* Pods-Todoey.debug.xcconfig */,
				6C5D4740BB92C39595B38A71 /* Pods-Todoey.release.xcconfig */,
			);
			path = Pods;
			sourceTree = "<group>";
		};
/* End PBXGroup section */

/* Begin PBXNativeTarget section */
		8E319C8122D9003B002559C0 /* Todoey */ = {
			isa = PBXNativeTarget;
			buildConfigurationList = 8E319C9422D9003C002559C0 /* Build configuration list for PBXNativeTarget "Todoey" */;
			buildPhases = (
				670B80E9908A83B8536920DC /* [CP] Check Pods Manifest.lock */,
				8E319C7E22D9003B002559C0 /* Sources */,
				8E319C7F22D9003B002559C0 /* Frameworks */,
				8E319C8022D9003B002559C0 /* Resources */,
				976546F734841E5435B4C16E /* [CP] Embed Pods Frameworks */,
			);
			buildRules = (
			);
			dependencies = (
			);
			name = Todoey;
			productName = Todoey;
			productReference = 8E319C8222D9003B002559C0 /* Todoey.app */;
			productType = "com.apple.product-type.application";
		};
/* End PBXNativeTarget section */

/* Begin PBXProject section */
		8E319C7A22D9003B002559C0 /* Project object */ = {
			isa = PBXProject;
			attributes = {
				LastSwiftUpdateCheck = 1020;
				LastUpgradeCheck = 1020;
				ORGANIZATIONNAME = Fivecode;
				TargetAttributes = {
					8E319C8122D9003B002559C0 = {
						CreatedOnToolsVersion = 10.2.1;
					};
				};
			};
			buildConfigurationList = 8E319C7D22D9003B002559C0 /* Build configuration list for PBXProject "Todoey" */;
			compatibilityVersion = "Xcode 9.3";
			developmentRegion = en;
			hasScannedForEncodings = 0;
			knownRegions = (
				en,
				Base,
			);
			mainGroup = 8E319C7922D9003B002559C0;
			productRefGroup = 8E319C8322D9003B002559C0 /* Products */;
			projectDirPath = "";
			projectRoot = "";
			targets = (
				8E319C8122D9003B002559C0 /* Todoey */,
			);
		};
/* End PBXProject section */

/* Begin PBXResourcesBuildPhase section */
		8E319C8022D9003B002559C0 /* Resources */ = {
			isa = PBXResourcesBuildPhase;
			buildActionMask = 2147483647;
			files = (
				8E319C9022D9003C002559C0 /* LaunchScreen.storyboard in Resources */,
				8E319C8D22D9003C002559C0 /* Assets.xcassets in Resources */,
				8E319C8B22D9003B002559C0 /* Main.storyboard in Resources */,
			);
			runOnlyForDeploymentPostprocessing = 0;
		};
/* End PBXResourcesBuildPhase section */

/* Begin PBXShellScriptBuildPhase section */
		670B80E9908A83B8536920DC /* [CP] Check Pods Manifest.lock */ = {
			isa = PBXShellScriptBuildPhase;
			buildActionMask = 2147483647;
			files = (
			);
			inputFileListPaths = (
			);
			inputPaths = (
				"${PODS_PODFILE_DIR_PATH}/Podfile.lock",
				"${PODS_ROOT}/Manifest.lock",
			);
			name = "[CP] Check Pods Manifest.lock";
			outputFileListPaths = (
			);
			outputPaths = (
				"$(DERIVED_FILE_DIR)/Pods-Todoey-checkManifestLockResult.txt",
			);
			runOnlyForDeploymentPostprocessing = 0;
			shellPath = /bin/sh;
			shellScript = "diff \"${PODS_PODFILE_DIR_PATH}/Podfile.lock\" \"${PODS_ROOT}/Manifest.lock\" > /dev/null\nif [ $? != 0 ] ; then\n    # print error to STDERR\n    echo \"error: The sandbox is not in sync with the Podfile.lock. Run 'pod install' or update your CocoaPods installation.\" >&2\n    exit 1\nfi\n# This output is used by Xcode 'outputs' to avoid re-running this script phase.\necho \"SUCCESS\" > \"${SCRIPT_OUTPUT_FILE_0}\"\n";
			showEnvVarsInLog = 0;
		};
		976546F734841E5435B4C16E /* [CP] Embed Pods Frameworks */ = {
			isa = PBXShellScriptBuildPhase;
			buildActionMask = 2147483647;
			files = (
			);
			inputFileListPaths = (
				"${PODS_ROOT}/Target Support Files/Pods-Todoey/Pods-Todoey-frameworks-${CONFIGURATION}-input-files.xcfilelist",
			);
			name = "[CP] Embed Pods Frameworks";
			outputFileListPaths = (
				"${PODS_ROOT}/Target Support Files/Pods-Todoey/Pods-Todoey-frameworks-${CONFIGURATION}-output-files.xcfilelist",
			);
			runOnlyForDeploymentPostprocessing = 0;
			shellPath = /bin/sh;
			shellScript = "\"${PODS_ROOT}/Target Support Files/Pods-Todoey/Pods-Todoey-frameworks.sh\"\n";
			showEnvVarsInLog = 0;
		};
/* End PBXShellScriptBuildPhase section */

/* Begin PBXSourcesBuildPhase section */
		8E319C7E22D9003B002559C0 /* Sources */ = {
			isa = PBXSourcesBuildPhase;
			buildActionMask = 2147483647;
			files = (
				8ECE78A822FC4A3100481516 /* Item.swift in Sources */,
				8E319C8822D9003B002559C0 /* TodoListViewController.swift in Sources */,
				8E319C8622D9003B002559C0 /* AppDelegate.swift in Sources */,
				8EC724B622F4DCCE008D8538 /* CategoryTableViewController.swift in Sources */,
				8ECE78AA22FC4A3E00481516 /* Category.swift in Sources */,
			);
			runOnlyForDeploymentPostprocessing = 0;
		};
/* End PBXSourcesBuildPhase section */

/* Begin PBXVariantGroup section */
		8E319C8922D9003B002559C0 /* Main.storyboard */ = {
			isa = PBXVariantGroup;
			children = (
				8E319C8A22D9003B002559C0 /* Base */,
			);
			name = Main.storyboard;
			sourceTree = "<group>";
		};
		8E319C8E22D9003C002559C0 /* LaunchScreen.storyboard */ = {
			isa = PBXVariantGroup;
			children = (
				8E319C8F22D9003C002559C0 /* Base */,
			);
			name = LaunchScreen.storyboard;
			sourceTree = "<group>";
		};
/* End PBXVariantGroup section */

/* Begin XCBuildConfiguration section */
		8E319C9222D9003C002559C0 /* Debug */ = {
			isa = XCBuildConfiguration;
			buildSettings = {
				ALWAYS_SEARCH_USER_PATHS = NO;
				CLANG_ANALYZER_NONNULL = YES;
				CLANG_ANALYZER_NUMBER_OBJECT_CONVERSION = YES_AGGRESSIVE;
				CLANG_CXX_LANGUAGE_STANDARD = "gnu++14";
				CLANG_CXX_LIBRARY = "libc++";
				CLANG_ENABLE_MODULES = YES;
				CLANG_ENABLE_OBJC_ARC = YES;
				CLANG_ENABLE_OBJC_WEAK = YES;
				CLANG_WARN_BLOCK_CAPTURE_AUTORELEASING = YES;
				CLANG_WARN_BOOL_CONVERSION = YES;
				CLANG_WARN_COMMA = YES;
				CLANG_WARN_CONSTANT_CONVERSION = YES;
				CLANG_WARN_DEPRECATED_OBJC_IMPLEMENTATIONS = YES;
				CLANG_WARN_DIRECT_OBJC_ISA_USAGE = YES_ERROR;
				CLANG_WARN_DOCUMENTATION_COMMENTS = YES;
				CLANG_WARN_EMPTY_BODY = YES;
				CLANG_WARN_ENUM_CONVERSION = YES;
				CLANG_WARN_INFINITE_RECURSION = YES;
				CLANG_WARN_INT_CONVERSION = YES;
				CLANG_WARN_NON_LITERAL_NULL_CONVERSION = YES;
				CLANG_WARN_OBJC_IMPLICIT_RETAIN_SELF = YES;
				CLANG_WARN_OBJC_LITERAL_CONVERSION = YES;
				CLANG_WARN_OBJC_ROOT_CLASS = YES_ERROR;
				CLANG_WARN_RANGE_LOOP_ANALYSIS = YES;
				CLANG_WARN_STRICT_PROTOTYPES = YES;
				CLANG_WARN_SUSPICIOUS_MOVE = YES;
				CLANG_WARN_UNGUARDED_AVAILABILITY = YES_AGGRESSIVE;
				CLANG_WARN_UNREACHABLE_CODE = YES;
				CLANG_WARN__DUPLICATE_METHOD_MATCH = YES;
				CODE_SIGN_IDENTITY = "iPhone Developer";
				COPY_PHASE_STRIP = NO;
				DEBUG_INFORMATION_FORMAT = dwarf;
				ENABLE_STRICT_OBJC_MSGSEND = YES;
				ENABLE_TESTABILITY = YES;
				GCC_C_LANGUAGE_STANDARD = gnu11;
				GCC_DYNAMIC_NO_PIC = NO;
				GCC_NO_COMMON_BLOCKS = YES;
				GCC_OPTIMIZATION_LEVEL = 0;
				GCC_PREPROCESSOR_DEFINITIONS = (
					"DEBUG=1",
					"$(inherited)",
				);
				GCC_WARN_64_TO_32_BIT_CONVERSION = YES;
				GCC_WARN_ABOUT_RETURN_TYPE = YES_ERROR;
				GCC_WARN_UNDECLARED_SELECTOR = YES;
				GCC_WARN_UNINITIALIZED_AUTOS = YES_AGGRESSIVE;
				GCC_WARN_UNUSED_FUNCTION = YES;
				GCC_WARN_UNUSED_VARIABLE = YES;
				IPHONEOS_DEPLOYMENT_TARGET = 12.2;
				MTL_ENABLE_DEBUG_INFO = INCLUDE_SOURCE;
				MTL_FAST_MATH = YES;
				ONLY_ACTIVE_ARCH = YES;
				SDKROOT = iphoneos;
				SWIFT_ACTIVE_COMPILATION_CONDITIONS = DEBUG;
				SWIFT_OPTIMIZATION_LEVEL = "-Onone";
			};
			name = Debug;
		};
		8E319C9322D9003C002559C0 /* Release */ = {
			isa = XCBuildConfiguration;
			buildSettings = {
				ALWAYS_SEARCH_USER_PATHS = NO;
				CLANG_ANALYZER_NONNULL = YES;
				CLANG_ANALYZER_NUMBER_OBJECT_CONVERSION = YES_AGGRESSIVE;
				CLANG_CXX_LANGUAGE_STANDARD = "gnu++14";
				CLANG_CXX_LIBRARY = "libc++";
				CLANG_ENABLE_MODULES = YES;
				CLANG_ENABLE_OBJC_ARC = YES;
				CLANG_ENABLE_OBJC_WEAK = YES;
				CLANG_WARN_BLOCK_CAPTURE_AUTORELEASING = YES;
				CLANG_WARN_BOOL_CONVERSION = YES;
				CLANG_WARN_COMMA = YES;
				CLANG_WARN_CONSTANT_CONVERSION = YES;
				CLANG_WARN_DEPRECATED_OBJC_IMPLEMENTATIONS = YES;
				CLANG_WARN_DIRECT_OBJC_ISA_USAGE = YES_ERROR;
				CLANG_WARN_DOCUMENTATION_COMMENTS = YES;
				CLANG_WARN_EMPTY_BODY = YES;
				CLANG_WARN_ENUM_CONVERSION = YES;
				CLANG_WARN_INFINITE_RECURSION = YES;
				CLANG_WARN_INT_CONVERSION = YES;
				CLANG_WARN_NON_LITERAL_NULL_CONVERSION = YES;
				CLANG_WARN_OBJC_IMPLICIT_RETAIN_SELF = YES;
				CLANG_WARN_OBJC_LITERAL_CONVERSION = YES;
				CLANG_WARN_OBJC_ROOT_CLASS = YES_ERROR;
				CLANG_WARN_RANGE_LOOP_ANALYSIS = YES;
				CLANG_WARN_STRICT_PROTOTYPES = YES;
				CLANG_WARN_SUSPICIOUS_MOVE = YES;
				CLANG_WARN_UNGUARDED_AVAILABILITY = YES_AGGRESSIVE;
				CLANG_WARN_UNREACHABLE_CODE = YES;
				CLANG_WARN__DUPLICATE_METHOD_MATCH = YES;
				CODE_SIGN_IDENTITY = "iPhone Developer";
				COPY_PHASE_STRIP = NO;
				DEBUG_INFORMATION_FORMAT = "dwarf-with-dsym";
				ENABLE_NS_ASSERTIONS = NO;
				ENABLE_STRICT_OBJC_MSGSEND = YES;
				GCC_C_LANGUAGE_STANDARD = gnu11;
				GCC_NO_COMMON_BLOCKS = YES;
				GCC_WARN_64_TO_32_BIT_CONVERSION = YES;
				GCC_WARN_ABOUT_RETURN_TYPE = YES_ERROR;
				GCC_WARN_UNDECLARED_SELECTOR = YES;
				GCC_WARN_UNINITIALIZED_AUTOS = YES_AGGRESSIVE;
				GCC_WARN_UNUSED_FUNCTION = YES;
				GCC_WARN_UNUSED_VARIABLE = YES;
				IPHONEOS_DEPLOYMENT_TARGET = 12.2;
				MTL_ENABLE_DEBUG_INFO = NO;
				MTL_FAST_MATH = YES;
				SDKROOT = iphoneos;
				SWIFT_COMPILATION_MODE = wholemodule;
				SWIFT_OPTIMIZATION_LEVEL = "-O";
				VALIDATE_PRODUCT = YES;
			};
			name = Release;
		};
		8E319C9522D9003C002559C0 /* Debug */ = {
			isa = XCBuildConfiguration;
			baseConfigurationReference = F8F1910D86246C4D77C5ED01 /* Pods-Todoey.debug.xcconfig */;
			buildSettings = {
				ASSETCATALOG_COMPILER_APPICON_NAME = AppIcon;
				CODE_SIGN_STYLE = Automatic;
				DEVELOPMENT_TEAM = 2U23Q8JY8R;
				INFOPLIST_FILE = Todoey/Info.plist;
				LD_RUNPATH_SEARCH_PATHS = (
					"$(inherited)",
					"@executable_path/Frameworks",
				);
				PRODUCT_BUNDLE_IDENTIFIER = akbar.Todoey;
				PRODUCT_NAME = "$(TARGET_NAME)";
				SWIFT_VERSION = 5.0;
				TARGETED_DEVICE_FAMILY = "1,2";
			};
			name = Debug;
		};
		8E319C9622D9003C002559C0 /* Release */ = {
			isa = XCBuildConfiguration;
			baseConfigurationReference = 6C5D4740BB92C39595B38A71 /* Pods-Todoey.release.xcconfig */;
			buildSettings = {
				ASSETCATALOG_COMPILER_APPICON_NAME = AppIcon;
				CODE_SIGN_STYLE = Automatic;
				DEVELOPMENT_TEAM = 2U23Q8JY8R;
				INFOPLIST_FILE = Todoey/Info.plist;
				LD_RUNPATH_SEARCH_PATHS = (
					"$(inherited)",
					"@executable_path/Frameworks",
				);
				PRODUCT_BUNDLE_IDENTIFIER = akbar.Todoey;
				PRODUCT_NAME = "$(TARGET_NAME)";
				SWIFT_VERSION = 5.0;
				TARGETED_DEVICE_FAMILY = "1,2";
			};
			name = Release;
		};
/* End XCBuildConfiguration section */

/* Begin XCConfigurationList section */
		8E319C7D22D9003B002559C0 /* Build configuration list for PBXProject "Todoey" */ = {
			isa = XCConfigurationList;
			buildConfigurations = (
				8E319C9222D9003C002559C0 /* Debug */,
				8E319C9322D9003C002559C0 /* Release */,
			);
			defaultConfigurationIsVisible = 0;
			defaultConfigurationName = Release;
		};
		8E319C9422D9003C002559C0 /* Build configuration list for PBXNativeTarget "Todoey" */ = {
			isa = XCConfigurationList;
			buildConfigurations = (
				8E319C9522D9003C002559C0 /* Debug */,
				8E319C9622D9003C002559C0 /* Release */,
			);
			defaultConfigurationIsVisible = 0;
			defaultConfigurationName = Release;
		};
/* End XCConfigurationList section */
	};
	rootObject = 8E319C7A22D9003B002559C0 /* Project object */;
}
